// !$*UTF8*$!
{
	archiveVersion = 1;
	classes = {
	};
	objectVersion = 46;
	objects = {

/* Begin PBXBuildFile section */
		38D97E991D7F13C800324A9F /* main.cpp in Sources */ = {isa = PBXBuildFile; fileRef = 38D97E981D7F13C800324A9F /* main.cpp */; };
		38D97F181D830D3200324A9F /* libjcTBL.a in Frameworks */ = {isa = PBXBuildFile; fileRef = 38D97F171D830D3200324A9F /* libjcTBL.a */; };
/* End PBXBuildFile section */

/* Begin PBXCopyFilesBuildPhase section */
		38D97E8B1D7F134500324A9F /* CopyFiles */ = {
			isa = PBXCopyFilesBuildPhase;
			buildActionMask = 2147483647;
			dstPath = /usr/share/man/man1/;
			dstSubfolderSpec = 0;
			files = (
			);
			runOnlyForDeploymentPostprocessing = 1;
		};
/* End PBXCopyFilesBuildPhase section */

/* Begin PBXFileReference section */
		38D97E8D1D7F134500324A9F /* jcTBL_Demo */ = {isa = PBXFileReference; explicitFileType = "compiled.mach-o.executable"; includeInIndex = 0; path = jcTBL_Demo; sourceTree = BUILT_PRODUCTS_DIR; };
		38D97E981D7F13C800324A9F /* main.cpp */ = {isa = PBXFileReference; fileEncoding = 4; lastKnownFileType = sourcecode.cpp.cpp; name = main.cpp; path = Demo/main.cpp; sourceTree = "<group>"; };
		38D97F171D830D3200324A9F /* libjcTBL.a */ = {isa = PBXFileReference; lastKnownFileType = archive.ar; name = libjcTBL.a; path = build/Debug/libjcTBL.a; sourceTree = "<group>"; };
/* End PBXFileReference section */

/* Begin PBXFrameworksBuildPhase section */
		38D97E8A1D7F134500324A9F /* Frameworks */ = {
			isa = PBXFrameworksBuildPhase;
			buildActionMask = 2147483647;
			files = (
				38D97F181D830D3200324A9F /* libjcTBL.a in Frameworks */,
			);
			runOnlyForDeploymentPostprocessing = 0;
		};
/* End PBXFrameworksBuildPhase section */

/* Begin PBXGroup section */
		38D97E841D7F134500324A9F = {
			isa = PBXGroup;
			children = (
				38D97F171D830D3200324A9F /* libjcTBL.a */,
				38D97E971D7F13A600324A9F /* Demo */,
				38D97E8E1D7F134500324A9F /* Products */,
			);
			sourceTree = "<group>";
		};
		38D97E8E1D7F134500324A9F /* Products */ = {
			isa = PBXGroup;
			children = (
				38D97E8D1D7F134500324A9F /* jcTBL_Demo */,
			);
			name = Products;
			sourceTree = "<group>";
		};
		38D97E971D7F13A600324A9F /* Demo */ = {
			isa = PBXGroup;
			children = (
				38D97E981D7F13C800324A9F /* main.cpp */,
			);
			name = Demo;
			sourceTree = "<group>";
		};
/* End PBXGroup section */

/* Begin PBXNativeTarget section */
		38D97E8C1D7F134500324A9F /* jcTBL_Demo */ = {
			isa = PBXNativeTarget;
			buildConfigurationList = 38D97E941D7F134500324A9F /* Build configuration list for PBXNativeTarget "jcTBL_Demo" */;
			buildPhases = (
				38D97E891D7F134500324A9F /* Sources */,
				38D97E8A1D7F134500324A9F /* Frameworks */,
				38D97E8B1D7F134500324A9F /* CopyFiles */,
			);
			buildRules = (
			);
			dependencies = (
			);
			name = jcTBL_Demo;
			productName = jcTBL;
			productReference = 38D97E8D1D7F134500324A9F /* jcTBL_Demo */;
			productType = "com.apple.product-type.tool";
		};
/* End PBXNativeTarget section */

/* Begin PBXProject section */
		38D97E851D7F134500324A9F /* Project object */ = {
			isa = PBXProject;
			attributes = {
				LastUpgradeCheck = 0730;
				ORGANIZATIONNAME = "James Carnicelli";
				TargetAttributes = {
					38D97E8C1D7F134500324A9F = {
						CreatedOnToolsVersion = 7.3.1;
					};
				};
			};
			buildConfigurationList = 38D97E881D7F134500324A9F /* Build configuration list for PBXProject "jcTBL_Demo" */;
			compatibilityVersion = "Xcode 3.2";
			developmentRegion = English;
			hasScannedForEncodings = 0;
			knownRegions = (
				en,
			);
			mainGroup = 38D97E841D7F134500324A9F;
			productRefGroup = 38D97E8E1D7F134500324A9F /* Products */;
			projectDirPath = "";
			projectRoot = "";
			targets = (
				38D97E8C1D7F134500324A9F /* jcTBL_Demo */,
			);
		};
/* End PBXProject section */

/* Begin PBXSourcesBuildPhase section */
		38D97E891D7F134500324A9F /* Sources */ = {
			isa = PBXSourcesBuildPhase;
			buildActionMask = 2147483647;
			files = (
				38D97E991D7F13C800324A9F /* main.cpp in Sources */,
			);
			runOnlyForDeploymentPostprocessing = 0;
		};
/* End PBXSourcesBuildPhase section */

/* Begin XCBuildConfiguration section */
		38D97E921D7F134500324A9F /* Debug */ = {
			isa = XCBuildConfiguration;
			buildSettings = {
				ALWAYS_SEARCH_USER_PATHS = NO;
				CLANG_ANALYZER_NONNULL = YES;
				CLANG_CXX_LANGUAGE_STANDARD = "gnu++0x";
				CLANG_CXX_LIBRARY = "libc++";
				CLANG_ENABLE_MODULES = YES;
				CLANG_ENABLE_OBJC_ARC = YES;
				CLANG_WARN_BOOL_CONVERSION = YES;
				CLANG_WARN_CONSTANT_CONVERSION = YES;
				CLANG_WARN_DIRECT_OBJC_ISA_USAGE = YES_ERROR;
				CLANG_WARN_EMPTY_BODY = YES;
				CLANG_WARN_ENUM_CONVERSION = YES;
				CLANG_WARN_INT_CONVERSION = YES;
				CLANG_WARN_OBJC_ROOT_CLASS = YES_ERROR;
				CLANG_WARN_UNREACHABLE_CODE = YES;
				CLANG_WARN__DUPLICATE_METHOD_MATCH = YES;
				CODE_SIGN_IDENTITY = "-";
				COPY_PHASE_STRIP = NO;
				DEBUG_INFORMATION_FORMAT = dwarf;
				ENABLE_STRICT_OBJC_MSGSEND = YES;
				ENABLE_TESTABILITY = YES;
				GCC_C_LANGUAGE_STANDARD = gnu99;
				GCC_DYNAMIC_NO_PIC = NO;
				GCC_NO_COMMON_BLOCKS = YES;
				GCC_OPTIMIZATION_LEVEL = 0;
				GCC_PREPROCESSOR_DEFINITIONS = (
					"DEBUG=1",
					"$(inherited)",
				);
				GCC_WARN_64_TO_32_BIT_CONVERSION = YES;
				GCC_WARN_ABOUT_RETURN_TYPE = YES_ERROR;
				GCC_WARN_UNDECLARED_SELECTOR = YES;
				GCC_WARN_UNINITIALIZED_AUTOS = YES_AGGRESSIVE;
				GCC_WARN_UNUSED_FUNCTION = YES;
				GCC_WARN_UNUSED_VARIABLE = YES;
				MACOSX_DEPLOYMENT_TARGET = 10.11;
				MTL_ENABLE_DEBUG_INFO = YES;
				ONLY_ACTIVE_ARCH = YES;
				SDKROOT = macosx;
			};
			name = Debug;
		};
		38D97E931D7F134500324A9F /* Release */ = {
			isa = XCBuildConfiguration;
			buildSettings = {
				ALWAYS_SEARCH_USER_PATHS = NO;
				CLANG_ANALYZER_NONNULL = YES;
				CLANG_CXX_LANGUAGE_STANDARD = "gnu++0x";
				CLANG_CXX_LIBRARY = "libc++";
				CLANG_ENABLE_MODULES = YES;
				CLANG_ENABLE_OBJC_ARC = YES;
				CLANG_WARN_BOOL_CONVERSION = YES;
				CLANG_WARN_CONSTANT_CONVERSION = YES;
				CLANG_WARN_DIRECT_OBJC_ISA_USAGE = YES_ERROR;
				CLANG_WARN_EMPTY_BODY = YES;
				CLANG_WARN_ENUM_CONVERSION = YES;
				CLANG_WARN_INT_CONVERSION = YES;
				CLANG_WARN_OBJC_ROOT_CLASS = YES_ERROR;
				CLANG_WARN_UNREACHABLE_CODE = YES;
				CLANG_WARN__DUPLICATE_METHOD_MATCH = YES;
				CODE_SIGN_IDENTITY = "-";
				COPY_PHASE_STRIP = NO;
				DEBUG_INFORMATION_FORMAT = "dwarf-with-dsym";
				ENABLE_NS_ASSERTIONS = NO;
				ENABLE_STRICT_OBJC_MSGSEND = YES;
				GCC_C_LANGUAGE_STANDARD = gnu99;
				GCC_NO_COMMON_BLOCKS = YES;
				GCC_WARN_64_TO_32_BIT_CONVERSION = YES;
				GCC_WARN_ABOUT_RETURN_TYPE = YES_ERROR;
				GCC_WARN_UNDECLARED_SELECTOR = YES;
				GCC_WARN_UNINITIALIZED_AUTOS = YES_AGGRESSIVE;
				GCC_WARN_UNUSED_FUNCTION = YES;
				GCC_WARN_UNUSED_VARIABLE = YES;
				MACOSX_DEPLOYMENT_TARGET = 10.11;
				MTL_ENABLE_DEBUG_INFO = NO;
				SDKROOT = macosx;
			};
			name = Release;
		};
		38D97E951D7F134500324A9F /* Debug */ = {
			isa = XCBuildConfiguration;
			buildSettings = {
				CLANG_CXX_LANGUAGE_STANDARD = "gnu++0x";
				HEADER_SEARCH_PATHS = "$(SRCROOT)/jcTBL/include";
				LIBRARY_SEARCH_PATHS = "$(BUILD_DIR)";
				PRODUCT_NAME = jcTBL_Demo;
			};
			name = Debug;
		};
		38D97E961D7F134500324A9F /* Release */ = {
			isa = XCBuildConfiguration;
			buildSettings = {
				CLANG_CXX_LANGUAGE_STANDARD = "gnu++0x";
				HEADER_SEARCH_PATHS = "$(SRCROOT)/jcTBL/include";
				LIBRARY_SEARCH_PATHS = "$(BUILD_DIR)";
				PRODUCT_NAME = jcTBL_Demo;
			};
			name = Release;
		};
/* End XCBuildConfiguration section */

/* Begin XCConfigurationList section */
		38D97E881D7F134500324A9F /* Build configuration list for PBXProject "jcTBL_Demo" */ = {
			isa = XCConfigurationList;
			buildConfigurations = (
				38D97E921D7F134500324A9F /* Debug */,
				38D97E931D7F134500324A9F /* Release */,
			);
			defaultConfigurationIsVisible = 0;
			defaultConfigurationName = Release;
		};
		38D97E941D7F134500324A9F /* Build configuration list for PBXNativeTarget "jcTBL_Demo" */ = {
			isa = XCConfigurationList;
			buildConfigurations = (
				38D97E951D7F134500324A9F /* Debug */,
				38D97E961D7F134500324A9F /* Release */,
			);
			defaultConfigurationIsVisible = 0;
			defaultConfigurationName = Release;
		};
/* End XCConfigurationList section */
	};
	rootObject = 38D97E851D7F134500324A9F /* Project object */;
}
